
Microsoft Visual Studio Solution File, Format Version 12.00
Project("{FAE04EC0-301F-11D3-BF4B-00C04F79EFBC}") = "SyntSky.GoodGame.Communication", "SyntSky.GoodGame.Communication\SyntSky.GoodGame.Communication.csproj", "{80036101-BA6F-4D18-830D-4675FAC241FC}"
EndProject
Project("{FAE04EC0-301F-11D3-BF4B-00C04F79EFBC}") = "SyntSky.GoodGame.Communication.Tests", "SyntSky.GoodGame.Communication.Tests\SyntSky.GoodGame.Communication.Tests.csproj", "{E31EFBE1-A684-43DA-A84F-DFF1CBE3D45A}"
EndProject
Project("{FAE04EC0-301F-11D3-BF4B-00C04F79EFBC}") = "SyntSky.GoodGame.Client", "SyntSky.GoodGame.Client\SyntSky.GoodGame.Client.csproj", "{0F59E6D1-181F-4318-80F8-ACEABA649F06}"
EndProject
Project("{2150E333-8FDC-42A3-9474-1A3956D46DE8}") = "Src", "Src", "{6470FC6C-BB40-4ECB-8B64-A7D1B87208CC}"
EndProject
Project("{2150E333-8FDC-42A3-9474-1A3956D46DE8}") = "Tests", "Tests", "{1F219AE2-299F-4C41-AFB2-8A9F2E1318C0}"
EndProject
Project("{FAE04EC0-301F-11D3-BF4B-00C04F79EFBC}") = "SyntSky.GoodGame.Client.Tests", "SyntSky.GoodGame.Client.Tests\SyntSky.GoodGame.Client.Tests.csproj", "{98A3C302-B891-402E-A7D3-466911254D28}"
EndProject
Project("{FAE04EC0-301F-11D3-BF4B-00C04F79EFBC}") = "SyntSky.GoodGame.Api.V4", "SyntSky.GoodGame.Api.V4\SyntSky.GoodGame.Api.V4.csproj", "{946AE13A-BA94-42DB-B327-98232EB37E72}"
EndProject
Project("{FAE04EC0-301F-11D3-BF4B-00C04F79EFBC}") = "SyntSky.GoodGame.Api.Core", "SyntSky.GoodGame.Api.Core\SyntSky.GoodGame.Api.Core.csproj", "{5061A74A-4DFA-4BC5-8CE3-E3AA71CBFAD5}"
EndProject
Project("{2150E333-8FDC-42A3-9474-1A3956D46DE8}") = "Api", "Api", "{31B473C5-8A60-44F7-9291-61EA721C4D8A}"
EndProject
Project("{2150E333-8FDC-42A3-9474-1A3956D46DE8}") = "Client", "Client", "{812FFE44-789F-4EBA-8FA8-E450697717BD}"
EndProject
Global
	GlobalSection(SolutionConfigurationPlatforms) = preSolution
		Debug|Any CPU = Debug|Any CPU
		Release|Any CPU = Release|Any CPU
	EndGlobalSection
	GlobalSection(ProjectConfigurationPlatforms) = postSolution
		{80036101-BA6F-4D18-830D-4675FAC241FC}.Debug|Any CPU.ActiveCfg = Debug|Any CPU
		{80036101-BA6F-4D18-830D-4675FAC241FC}.Debug|Any CPU.Build.0 = Debug|Any CPU
		{80036101-BA6F-4D18-830D-4675FAC241FC}.Release|Any CPU.ActiveCfg = Release|Any CPU
		{80036101-BA6F-4D18-830D-4675FAC241FC}.Release|Any CPU.Build.0 = Release|Any CPU
		{E31EFBE1-A684-43DA-A84F-DFF1CBE3D45A}.Debug|Any CPU.ActiveCfg = Debug|Any CPU
		{E31EFBE1-A684-43DA-A84F-DFF1CBE3D45A}.Debug|Any CPU.Build.0 = Debug|Any CPU
		{E31EFBE1-A684-43DA-A84F-DFF1CBE3D45A}.Release|Any CPU.ActiveCfg = Release|Any CPU
		{E31EFBE1-A684-43DA-A84F-DFF1CBE3D45A}.Release|Any CPU.Build.0 = Release|Any CPU
		{0F59E6D1-181F-4318-80F8-ACEABA649F06}.Debug|Any CPU.ActiveCfg = Debug|Any CPU
		{0F59E6D1-181F-4318-80F8-ACEABA649F06}.Debug|Any CPU.Build.0 = Debug|Any CPU
		{0F59E6D1-181F-4318-80F8-ACEABA649F06}.Release|Any CPU.ActiveCfg = Release|Any CPU
		{0F59E6D1-181F-4318-80F8-ACEABA649F06}.Release|Any CPU.Build.0 = Release|Any CPU
		{98A3C302-B891-402E-A7D3-466911254D28}.Debug|Any CPU.ActiveCfg = Debug|Any CPU
		{98A3C302-B891-402E-A7D3-466911254D28}.Debug|Any CPU.Build.0 = Debug|Any CPU
		{98A3C302-B891-402E-A7D3-466911254D28}.Release|Any CPU.ActiveCfg = Release|Any CPU
		{98A3C302-B891-402E-A7D3-466911254D28}.Release|Any CPU.Build.0 = Release|Any CPU
		{946AE13A-BA94-42DB-B327-98232EB37E72}.Debug|Any CPU.ActiveCfg = Debug|Any CPU
		{946AE13A-BA94-42DB-B327-98232EB37E72}.Debug|Any CPU.Build.0 = Debug|Any CPU
		{946AE13A-BA94-42DB-B327-98232EB37E72}.Release|Any CPU.ActiveCfg = Release|Any CPU
		{946AE13A-BA94-42DB-B327-98232EB37E72}.Release|Any CPU.Build.0 = Release|Any CPU
		{5061A74A-4DFA-4BC5-8CE3-E3AA71CBFAD5}.Debug|Any CPU.ActiveCfg = Debug|Any CPU
		{5061A74A-4DFA-4BC5-8CE3-E3AA71CBFAD5}.Debug|Any CPU.Build.0 = Debug|Any CPU
		{5061A74A-4DFA-4BC5-8CE3-E3AA71CBFAD5}.Release|Any CPU.ActiveCfg = Release|Any CPU
		{5061A74A-4DFA-4BC5-8CE3-E3AA71CBFAD5}.Release|Any CPU.Build.0 = Release|Any CPU
	EndGlobalSection
	GlobalSection(NestedProjects) = preSolution
		{E31EFBE1-A684-43DA-A84F-DFF1CBE3D45A} = {1F219AE2-299F-4C41-AFB2-8A9F2E1318C0}
		{98A3C302-B891-402E-A7D3-466911254D28} = {1F219AE2-299F-4C41-AFB2-8A9F2E1318C0}
		{31B473C5-8A60-44F7-9291-61EA721C4D8A} = {6470FC6C-BB40-4ECB-8B64-A7D1B87208CC}
		{5061A74A-4DFA-4BC5-8CE3-E3AA71CBFAD5} = {31B473C5-8A60-44F7-9291-61EA721C4D8A}
		{946AE13A-BA94-42DB-B327-98232EB37E72} = {31B473C5-8A60-44F7-9291-61EA721C4D8A}
		{812FFE44-789F-4EBA-8FA8-E450697717BD} = {6470FC6C-BB40-4ECB-8B64-A7D1B87208CC}
		{0F59E6D1-181F-4318-80F8-ACEABA649F06} = {812FFE44-789F-4EBA-8FA8-E450697717BD}
		{80036101-BA6F-4D18-830D-4675FAC241FC} = {812FFE44-789F-4EBA-8FA8-E450697717BD}
	EndGlobalSection
EndGlobal
